<?xml version="1.0" encoding="utf-8"?>
<Project ToolsVersion="4.0" xmlns="http://schemas.microsoft.com/developer/msbuild/2003">
  <ItemGroup>
    <Filter Include="File di origine">
      <UniqueIdentifier>{4FC737F1-C7A5-4376-A066-2A32D752A2FF}</UniqueIdentifier>
      <Extensions>cpp;c;cc;cxx;def;odl;idl;hpj;bat;asm;asmx</Extensions>
    </Filter>
    <Filter Include="File di intestazione">
      <UniqueIdentifier>{93995380-89BD-4b04-88EB-625FBE52EBFB}</UniqueIdentifier>
      <Extensions>h;hpp;hxx;hm;inl;inc;xsd</Extensions>
    </Filter>
    <Filter Include="File di risorse">
      <UniqueIdentifier>{67DA6AB6-F800-4c08-8B7A-83BB121AAD01}</UniqueIdentifier>
      <Extensions>rc;ico;cur;bmp;dlg;rc2;rct;bin;rgs;gif;jpg;jpeg;jpe;resx;tiff;tif;png;wav;mfcribbon-ms</Extensions>
    </Filter>
  </ItemGroup>
  <ItemGroup>
    <ClCompile Include="main.cpp">
      <Filter>File di origine</Filter>
    </ClCompile>
    <ClCompile Include="RGBPipeline.cpp">
      <Filter>File di origine</Filter>
    </ClCompile>
    <ClCompile Include="ConvertPipeline.cpp">
      <Filter>File di origine</Filter>
    </ClCompile>
    <ClCompile Include="Session.cpp">
      <Filter>File di origine</Filter>
    </ClCompile>
    <ClCompile Include="Converter.cpp">
      <Filter>File di origine</Filter>
    </ClCompile>
    <ClCompile Include="DepthPipeline.cpp">
      <Filter>File di origine</Filter>
    </ClCompile>
    <ClCompile Include="AnalyzePipeline.cpp">
      <Filter>File di origine</Filter>
    </ClCompile>
    <ClCompile Include="OpticalFlow.cpp">
      <Filter>File di origine</Filter>
    </ClCompile>
    <ClCompile Include="RegionSelecter.cpp">
      <Filter>File di origine</Filter>
    </ClCompile>
    <ClCompile Include="BackgroundCV.cpp">
      <Filter>File di origine</Filter>
    </ClCompile>
    <ClCompile Include="IRPipeline.cpp">
      <Filter>File di origine</Filter>
    </ClCompile>
    <ClCompile Include="Util.cpp">
      <Filter>File di origine</Filter>
    </ClCompile>
    <ClCompile Include="VideoPlayer.cpp">
      <Filter>File di origine</Filter>
    </ClCompile>
    <ClCompile Include="MatEncoder.cpp">
      <Filter>File di origine</Filter>
    </ClCompile>
    <ClCompile Include="CommandLineArgumentParser.cpp">
      <Filter>File di origine</Filter>
    </ClCompile>
    <ClCompile Include="RGBPlayer.cpp">
      <Filter>File di origine</Filter>
    </ClCompile>
    <ClCompile Include="DepthPlayer.cpp">
      <Filter>File di origine</Filter>
    </ClCompile>
    <ClCompile Include="ElaboratedDepthPlayer.cpp">
      <Filter>File di origine</Filter>
    </ClCompile>
    <ClCompile Include="MatDeleter.cpp">
      <Filter>File di origine</Filter>
    </ClCompile>
  </ItemGroup>
  <ItemGroup>
    <ClInclude Include="RGBPipeline.h">
      <Filter>File di intestazione</Filter>
    </ClInclude>
    <ClInclude Include="DepthPipeline.h">
      <Filter>File di intestazione</Filter>
    </ClInclude>
    <ClInclude Include="ConvertPipeline.h">
      <Filter>File di intestazione</Filter>
    </ClInclude>
    <ClInclude Include="Session.h">
      <Filter>File di intestazione</Filter>
    </ClInclude>
    <ClInclude Include="Converter.h">
      <Filter>File di intestazione</Filter>
    </ClInclude>
    <ClInclude Include="AnalyzePipeline.h">
      <Filter>File di intestazione</Filter>
    </ClInclude>
    <ClInclude Include="OpticalFlow.h">
      <Filter>File di intestazione</Filter>
    </ClInclude>
    <ClInclude Include="RegionSelecter.h">
      <Filter>File di intestazione</Filter>
    </ClInclude>
    <ClInclude Include="BackgroundCV.h">
      <Filter>File di intestazione</Filter>
    </ClInclude>
    <ClInclude Include="IRPipeline.h">
      <Filter>File di intestazione</Filter>
    </ClInclude>
    <ClInclude Include="Util.h">
      <Filter>File di intestazione</Filter>
    </ClInclude>
    <ClInclude Include="VideoPlayer.h">
      <Filter>File di intestazione</Filter>
    </ClInclude>
    <ClInclude Include="MatEncoder.h">
      <Filter>File di intestazione</Filter>
    </ClInclude>
    <ClInclude Include="CommandLineArgumentParser.h">
      <Filter>File di intestazione</Filter>
    </ClInclude>
    <ClInclude Include="RGBPlayer.h">
      <Filter>File di intestazione</Filter>
    </ClInclude>
    <ClInclude Include="DepthPlayer.h">
      <Filter>File di intestazione</Filter>
    </ClInclude>
    <ClInclude Include="ElaboratedDepthPlayer.h">
      <Filter>File di intestazione</Filter>
    </ClInclude>
    <ClInclude Include="MatDeleter.h">
      <Filter>File di intestazione</Filter>
    </ClInclude>
  </ItemGroup>
</Project>